
Microsoft Visual Studio Solution File, Format Version 12.00
# Visual Studio Version 17
VisualStudioVersion = 17.14.36414.22 d17.14
MinimumVisualStudioVersion = 10.0.40219.1
Project("{FAE04EC0-301F-11D3-BF4B-00C04F79EFBC}") = "ParkhausUI", "ParkhausUI\ParkhausUI.csproj", "{99F5EBD1-6A4A-4AC1-AE77-4956146DA6CD}"
EndProject
Project("{FAE04EC0-301F-11D3-BF4B-00C04F79EFBC}") = "ParkhausAPI", "ParkhausAPI\ParkhausAPI.csproj", "{77E9F5CC-5791-4244-870A-FFDEF838F805}"
EndProject
Project("{E53339B2-1760-4266-BCC7-CA923CBCF16C}") = "ParkhausContainer", "ParkhausContainer.dcproj", "{154022C1-8014-4E9D-BD78-6FF46670FFA4}"
EndProject
Global
	GlobalSection(SolutionConfigurationPlatforms) = preSolution
		Debug|Any CPU = Debug|Any CPU
		Release|Any CPU = Release|Any CPU
	EndGlobalSection
	GlobalSection(ProjectConfigurationPlatforms) = postSolution
		{99F5EBD1-6A4A-4AC1-AE77-4956146DA6CD}.Debug|Any CPU.ActiveCfg = Debug|Any CPU
		{99F5EBD1-6A4A-4AC1-AE77-4956146DA6CD}.Debug|Any CPU.Build.0 = Debug|Any CPU
		{99F5EBD1-6A4A-4AC1-AE77-4956146DA6CD}.Release|Any CPU.ActiveCfg = Release|Any CPU
		{99F5EBD1-6A4A-4AC1-AE77-4956146DA6CD}.Release|Any CPU.Build.0 = Release|Any CPU
		{77E9F5CC-5791-4244-870A-FFDEF838F805}.Debug|Any CPU.ActiveCfg = Debug|Any CPU
		{77E9F5CC-5791-4244-870A-FFDEF838F805}.Debug|Any CPU.Build.0 = Debug|Any CPU
		{77E9F5CC-5791-4244-870A-FFDEF838F805}.Release|Any CPU.ActiveCfg = Release|Any CPU
		{77E9F5CC-5791-4244-870A-FFDEF838F805}.Release|Any CPU.Build.0 = Release|Any CPU
		{154022C1-8014-4E9D-BD78-6FF46670FFA4}.Debug|Any CPU.ActiveCfg = Debug|Any CPU
		{154022C1-8014-4E9D-BD78-6FF46670FFA4}.Debug|Any CPU.Build.0 = Debug|Any CPU
		{154022C1-8014-4E9D-BD78-6FF46670FFA4}.Release|Any CPU.ActiveCfg = Release|Any CPU
		{154022C1-8014-4E9D-BD78-6FF46670FFA4}.Release|Any CPU.Build.0 = Release|Any CPU
	EndGlobalSection
	GlobalSection(SolutionProperties) = preSolution
		HideSolutionNode = FALSE
	EndGlobalSection
	GlobalSection(ExtensibilityGlobals) = postSolution
		SolutionGuid = {1813D1AE-9C6B-4261-9C6C-9770A09083B6}
	EndGlobalSection
EndGlobal
